
Microsoft Visual Studio Solution File, Format Version 12.00
# Visual Studio Version 16
VisualStudioVersion = 16.0.30320.27
MinimumVisualStudioVersion = 10.0.40219.1
Project("{8BC9CEB8-8B4A-11D0-8D11-00A0C91BC942}") = "hfm_lab", "hfm_lab.vcxproj", "{750289FD-F3CC-406A-9890-39880F2E1A35}"
EndProject
Global
	GlobalSection(SolutionConfigurationPlatforms) = preSolution
		Debug|x64 = Debug|x64
		Debug|x86 = Debug|x86
		Release|x64 = Release|x64
		Release|x86 = Release|x86
	EndGlobalSection
	GlobalSection(ProjectConfigurationPlatforms) = postSolution
		{750289FD-F3CC-406A-9890-39880F2E1A35}.Debug|x64.ActiveCfg = Debug|x64
		{750289FD-F3CC-406A-9890-39880F2E1A35}.Debug|x64.Build.0 = Debug|x64
		{750289FD-F3CC-406A-9890-39880F2E1A35}.Debug|x86.ActiveCfg = Debug|Win32
		{750289FD-F3CC-406A-9890-39880F2E1A35}.Debug|x86.Build.0 = Debug|Win32
		{750289FD-F3CC-406A-9890-39880F2E1A35}.Release|x64.ActiveCfg = Release|x64
		{750289FD-F3CC-406A-9890-39880F2E1A35}.Release|x64.Build.0 = Release|x64
		{750289FD-F3CC-406A-9890-39880F2E1A35}.Release|x86.ActiveCfg = Release|Win32
		{750289FD-F3CC-406A-9890-39880F2E1A35}.Release|x86.Build.0 = Release|Win32
	EndGlobalSection
	GlobalSection(SolutionProperties) = preSolution
		HideSolutionNode = FALSE
	EndGlobalSection
	GlobalSection(ExtensibilityGlobals) = postSolution
		SolutionGuid = {5FA06B01-DB2E-486F-9A32-357221CAA86A}
	EndGlobalSection
EndGlobal
